
Microsoft Visual Studio Solution File, Format Version 12.00
# Visual Studio 15
Project("{FAE04EC0-301F-11D3-BF4B-00C04F79EFBC}") = "Assembly-CSharp", "Assembly-CSharp.csproj", "{CC7DA3AD-E3AD-689F-29A7-9FD4CD4F8E2C}"
EndProject
Global
	GlobalSection(SolutionConfigurationPlatforms) = preSolution
		Debug|Any CPU = Debug|Any CPU
		Release|Any CPU = Release|Any CPU
	EndGlobalSection
	GlobalSection(ProjectConfigurationPlatforms) = postSolution
		{CC7DA3AD-E3AD-689F-29A7-9FD4CD4F8E2C}.Debug|Any CPU.ActiveCfg = Debug|Any CPU
		{CC7DA3AD-E3AD-689F-29A7-9FD4CD4F8E2C}.Debug|Any CPU.Build.0 = Debug|Any CPU
		{CC7DA3AD-E3AD-689F-29A7-9FD4CD4F8E2C}.Release|Any CPU.ActiveCfg = Release|Any CPU
		{CC7DA3AD-E3AD-689F-29A7-9FD4CD4F8E2C}.Release|Any CPU.Build.0 = Release|Any CPU
	EndGlobalSection
	GlobalSection(SolutionProperties) = preSolution
		HideSolutionNode = FALSE
	EndGlobalSection
EndGlobal
